
Microsoft Visual Studio Solution File, Format Version 11.00
# Visual Studio 2010
Project("{FAE04EC0-301F-11D3-BF4B-00C04F79EFBC}") = "acTelerikStylesRenaming", "acTelerikStylesRenaming.csproj", "{367C22ED-EF48-48EB-87DA-1847F082B271}"
EndProject
Global
	GlobalSection(SubversionScc) = preSolution
		Svn-Managed = True
		Manager = AnkhSVN - Subversion Support for Visual Studio
	EndGlobalSection
	GlobalSection(SolutionConfigurationPlatforms) = preSolution
		Debug|x86 = Debug|x86
		Release|x86 = Release|x86
	EndGlobalSection
	GlobalSection(ProjectConfigurationPlatforms) = postSolution
		{367C22ED-EF48-48EB-87DA-1847F082B271}.Debug|x86.ActiveCfg = Debug|x86
		{367C22ED-EF48-48EB-87DA-1847F082B271}.Debug|x86.Build.0 = Debug|x86
		{367C22ED-EF48-48EB-87DA-1847F082B271}.Release|x86.ActiveCfg = Release|x86
		{367C22ED-EF48-48EB-87DA-1847F082B271}.Release|x86.Build.0 = Release|x86
	EndGlobalSection
	GlobalSection(SolutionProperties) = preSolution
		HideSolutionNode = FALSE
	EndGlobalSection
EndGlobal
